
Microsoft Visual Studio Solution File, Format Version 12.00
# Visual Studio Version 17
VisualStudioVersion = 17.11.35327.3
MinimumVisualStudioVersion = 10.0.40219.1
Project("{9A19103F-16F7-4668-BE54-9A1E7A4F7556}") = "AuctionService", "AuctionService\AuctionService.csproj", "{AE99D258-04AC-4BB0-B9B9-B79527EA20EB}"
EndProject
Project("{2150E333-8FDC-42A3-9474-1A3956D46DE8}") = "Solution Items", "Solution Items", "{52384C7F-543E-4F9D-B2DB-1A6887B2562C}"
	ProjectSection(SolutionItems) = preProject
		.editorconfig = .editorconfig
		docker-compose.yml = docker-compose.yml
	EndProjectSection
EndProject
Project("{9A19103F-16F7-4668-BE54-9A1E7A4F7556}") = "SearchService", "SearchService\SearchService.csproj", "{43335D0A-FC65-48F6-8078-05CF9B3D2F25}"
EndProject
Project("{9A19103F-16F7-4668-BE54-9A1E7A4F7556}") = "Contracts", "Contracts\Contracts.csproj", "{D819894B-51A6-4B99-B040-59EC0633E083}"
EndProject
Project("{9A19103F-16F7-4668-BE54-9A1E7A4F7556}") = "IdentityService", "IdentityService\IdentityService.csproj", "{33A70A8B-4182-4690-BF44-D08A7A3E6AAB}"
EndProject
Project("{FAE04EC0-301F-11D3-BF4B-00C04F79EFBC}") = "GatewayService", "GatewayService\GatewayService.csproj", "{65B1240F-A3FF-462B-BE46-BC28E353A65C}"
EndProject
Global
	GlobalSection(SolutionConfigurationPlatforms) = preSolution
		Debug|Any CPU = Debug|Any CPU
		Release|Any CPU = Release|Any CPU
	EndGlobalSection
	GlobalSection(ProjectConfigurationPlatforms) = postSolution
		{AE99D258-04AC-4BB0-B9B9-B79527EA20EB}.Debug|Any CPU.ActiveCfg = Debug|Any CPU
		{AE99D258-04AC-4BB0-B9B9-B79527EA20EB}.Debug|Any CPU.Build.0 = Debug|Any CPU
		{AE99D258-04AC-4BB0-B9B9-B79527EA20EB}.Release|Any CPU.ActiveCfg = Release|Any CPU
		{AE99D258-04AC-4BB0-B9B9-B79527EA20EB}.Release|Any CPU.Build.0 = Release|Any CPU
		{43335D0A-FC65-48F6-8078-05CF9B3D2F25}.Debug|Any CPU.ActiveCfg = Debug|Any CPU
		{43335D0A-FC65-48F6-8078-05CF9B3D2F25}.Debug|Any CPU.Build.0 = Debug|Any CPU
		{43335D0A-FC65-48F6-8078-05CF9B3D2F25}.Release|Any CPU.ActiveCfg = Release|Any CPU
		{43335D0A-FC65-48F6-8078-05CF9B3D2F25}.Release|Any CPU.Build.0 = Release|Any CPU
		{D819894B-51A6-4B99-B040-59EC0633E083}.Debug|Any CPU.ActiveCfg = Debug|Any CPU
		{D819894B-51A6-4B99-B040-59EC0633E083}.Debug|Any CPU.Build.0 = Debug|Any CPU
		{D819894B-51A6-4B99-B040-59EC0633E083}.Release|Any CPU.ActiveCfg = Release|Any CPU
		{D819894B-51A6-4B99-B040-59EC0633E083}.Release|Any CPU.Build.0 = Release|Any CPU
		{33A70A8B-4182-4690-BF44-D08A7A3E6AAB}.Debug|Any CPU.ActiveCfg = Debug|Any CPU
		{33A70A8B-4182-4690-BF44-D08A7A3E6AAB}.Debug|Any CPU.Build.0 = Debug|Any CPU
		{33A70A8B-4182-4690-BF44-D08A7A3E6AAB}.Release|Any CPU.ActiveCfg = Release|Any CPU
		{33A70A8B-4182-4690-BF44-D08A7A3E6AAB}.Release|Any CPU.Build.0 = Release|Any CPU
		{65B1240F-A3FF-462B-BE46-BC28E353A65C}.Debug|Any CPU.ActiveCfg = Debug|Any CPU
		{65B1240F-A3FF-462B-BE46-BC28E353A65C}.Debug|Any CPU.Build.0 = Debug|Any CPU
		{65B1240F-A3FF-462B-BE46-BC28E353A65C}.Release|Any CPU.ActiveCfg = Release|Any CPU
		{65B1240F-A3FF-462B-BE46-BC28E353A65C}.Release|Any CPU.Build.0 = Release|Any CPU
	EndGlobalSection
	GlobalSection(SolutionProperties) = preSolution
		HideSolutionNode = FALSE
	EndGlobalSection
	GlobalSection(ExtensibilityGlobals) = postSolution
		SolutionGuid = {BB9A0EF5-F141-4F9C-AA46-38C3306AF582}
	EndGlobalSection
EndGlobal
